// !$*UTF8*$!
{
	archiveVersion = 1;
	classes = {
	};
	objectVersion = 50;
	objects = {

/* Begin PBXBuildFile section */
		4912A5472253095E0060D1BE /* AppDelegate.swift in Sources */ = {isa = PBXBuildFile; fileRef = 4912A5462253095E0060D1BE /* AppDelegate.swift */; };
		4912A5492253095E0060D1BE /* MasterViewController.swift in Sources */ = {isa = PBXBuildFile; fileRef = 4912A5482253095E0060D1BE /* MasterViewController.swift */; };
		4912A54B2253095E0060D1BE /* DetailViewController.swift in Sources */ = {isa = PBXBuildFile; fileRef = 4912A54A2253095E0060D1BE /* DetailViewController.swift */; };
		4912A54E2253095E0060D1BE /* Main.storyboard in Resources */ = {isa = PBXBuildFile; fileRef = 4912A54C2253095E0060D1BE /* Main.storyboard */; };
		4912A5502253095F0060D1BE /* Assets.xcassets in Resources */ = {isa = PBXBuildFile; fileRef = 4912A54F2253095F0060D1BE /* Assets.xcassets */; };
		4912A5532253095F0060D1BE /* LaunchScreen.storyboard in Resources */ = {isa = PBXBuildFile; fileRef = 4912A5512253095F0060D1BE /* LaunchScreen.storyboard */; };
		4912A55E2253095F0060D1BE /* MVPpocTests.swift in Sources */ = {isa = PBXBuildFile; fileRef = 4912A55D2253095F0060D1BE /* MVPpocTests.swift */; };
		4912A5692253095F0060D1BE /* MVPpocUITests.swift in Sources */ = {isa = PBXBuildFile; fileRef = 4912A5682253095F0060D1BE /* MVPpocUITests.swift */; };
		4912A577225309F50060D1BE /* Model.swift in Sources */ = {isa = PBXBuildFile; fileRef = 4912A576225309F50060D1BE /* Model.swift */; };
		4912A57922530AE20060D1BE /* Presenter.swift in Sources */ = {isa = PBXBuildFile; fileRef = 4912A57822530AE20060D1BE /* Presenter.swift */; };
		4912A57B225337110060D1BE /* Observable.swift in Sources */ = {isa = PBXBuildFile; fileRef = 4912A57A225337110060D1BE /* Observable.swift */; };
/* End PBXBuildFile section */

/* Begin PBXContainerItemProxy section */
		4912A55A2253095F0060D1BE /* PBXContainerItemProxy */ = {
			isa = PBXContainerItemProxy;
			containerPortal = 4912A53B2253095E0060D1BE /* Project object */;
			proxyType = 1;
			remoteGlobalIDString = 4912A5422253095E0060D1BE;
			remoteInfo = MVPpoc;
		};
		4912A5652253095F0060D1BE /* PBXContainerItemProxy */ = {
			isa = PBXContainerItemProxy;
			containerPortal = 4912A53B2253095E0060D1BE /* Project object */;
			proxyType = 1;
			remoteGlobalIDString = 4912A5422253095E0060D1BE;
			remoteInfo = MVPpoc;
		};
/* End PBXContainerItemProxy section */

/* Begin PBXFileReference section */
		4912A5432253095E0060D1BE /* MVPpoc.app */ = {isa = PBXFileReference; explicitFileType = wrapper.application; includeInIndex = 0; path = MVPpoc.app; sourceTree = BUILT_PRODUCTS_DIR; };
		4912A5462253095E0060D1BE /* AppDelegate.swift */ = {isa = PBXFileReference; lastKnownFileType = sourcecode.swift; path = AppDelegate.swift; sourceTree = "<group>"; };
		4912A5482253095E0060D1BE /* MasterViewController.swift */ = {isa = PBXFileReference; lastKnownFileType = sourcecode.swift; path = MasterViewController.swift; sourceTree = "<group>"; };
		4912A54A2253095E0060D1BE /* DetailViewController.swift */ = {isa = PBXFileReference; lastKnownFileType = sourcecode.swift; path = DetailViewController.swift; sourceTree = "<group>"; };
		4912A54D2253095E0060D1BE /* Base */ = {isa = PBXFileReference; lastKnownFileType = file.storyboard; name = Base; path = Base.lproj/Main.storyboard; sourceTree = "<group>"; };
		4912A54F2253095F0060D1BE /* Assets.xcassets */ = {isa = PBXFileReference; lastKnownFileType = folder.assetcatalog; path = Assets.xcassets; sourceTree = "<group>"; };
		4912A5522253095F0060D1BE /* Base */ = {isa = PBXFileReference; lastKnownFileType = file.storyboard; name = Base; path = Base.lproj/LaunchScreen.storyboard; sourceTree = "<group>"; };
		4912A5542253095F0060D1BE /* Info.plist */ = {isa = PBXFileReference; lastKnownFileType = text.plist.xml; path = Info.plist; sourceTree = "<group>"; };
		4912A5592253095F0060D1BE /* MVPpocTests.xctest */ = {isa = PBXFileReference; explicitFileType = wrapper.cfbundle; includeInIndex = 0; path = MVPpocTests.xctest; sourceTree = BUILT_PRODUCTS_DIR; };
		4912A55D2253095F0060D1BE /* MVPpocTests.swift */ = {isa = PBXFileReference; lastKnownFileType = sourcecode.swift; path = MVPpocTests.swift; sourceTree = "<group>"; };
		4912A55F2253095F0060D1BE /* Info.plist */ = {isa = PBXFileReference; lastKnownFileType = text.plist.xml; path = Info.plist; sourceTree = "<group>"; };
		4912A5642253095F0060D1BE /* MVPpocUITests.xctest */ = {isa = PBXFileReference; explicitFileType = wrapper.cfbundle; includeInIndex = 0; path = MVPpocUITests.xctest; sourceTree = BUILT_PRODUCTS_DIR; };
		4912A5682253095F0060D1BE /* MVPpocUITests.swift */ = {isa = PBXFileReference; lastKnownFileType = sourcecode.swift; path = MVPpocUITests.swift; sourceTree = "<group>"; };
		4912A56A2253095F0060D1BE /* Info.plist */ = {isa = PBXFileReference; lastKnownFileType = text.plist.xml; path = Info.plist; sourceTree = "<group>"; };
		4912A576225309F50060D1BE /* Model.swift */ = {isa = PBXFileReference; lastKnownFileType = sourcecode.swift; path = Model.swift; sourceTree = "<group>"; };
		4912A57822530AE20060D1BE /* Presenter.swift */ = {isa = PBXFileReference; lastKnownFileType = sourcecode.swift; path = Presenter.swift; sourceTree = "<group>"; };
		4912A57A225337110060D1BE /* Observable.swift */ = {isa = PBXFileReference; lastKnownFileType = sourcecode.swift; path = Observable.swift; sourceTree = "<group>"; };
/* End PBXFileReference section */

/* Begin PBXFrameworksBuildPhase section */
		4912A5402253095E0060D1BE /* Frameworks */ = {
			isa = PBXFrameworksBuildPhase;
			buildActionMask = 2147483647;
			files = (
			);
			runOnlyForDeploymentPostprocessing = 0;
		};
		4912A5562253095F0060D1BE /* Frameworks */ = {
			isa = PBXFrameworksBuildPhase;
			buildActionMask = 2147483647;
			files = (
			);
			runOnlyForDeploymentPostprocessing = 0;
		};
		4912A5612253095F0060D1BE /* Frameworks */ = {
			isa = PBXFrameworksBuildPhase;
			buildActionMask = 2147483647;
			files = (
			);
			runOnlyForDeploymentPostprocessing = 0;
		};
/* End PBXFrameworksBuildPhase section */

/* Begin PBXGroup section */
		4912A53A2253095E0060D1BE = {
			isa = PBXGroup;
			children = (
				4912A5452253095E0060D1BE /* MVPpoc */,
				4912A55C2253095F0060D1BE /* MVPpocTests */,
				4912A5672253095F0060D1BE /* MVPpocUITests */,
				4912A5442253095E0060D1BE /* Products */,
			);
			sourceTree = "<group>";
		};
		4912A5442253095E0060D1BE /* Products */ = {
			isa = PBXGroup;
			children = (
				4912A5432253095E0060D1BE /* MVPpoc.app */,
				4912A5592253095F0060D1BE /* MVPpocTests.xctest */,
				4912A5642253095F0060D1BE /* MVPpocUITests.xctest */,
			);
			name = Products;
			sourceTree = "<group>";
		};
		4912A5452253095E0060D1BE /* MVPpoc */ = {
			isa = PBXGroup;
			children = (
				4912A5462253095E0060D1BE /* AppDelegate.swift */,
				4912A5482253095E0060D1BE /* MasterViewController.swift */,
				4912A54A2253095E0060D1BE /* DetailViewController.swift */,
				4912A54C2253095E0060D1BE /* Main.storyboard */,
				4912A54F2253095F0060D1BE /* Assets.xcassets */,
				4912A5512253095F0060D1BE /* LaunchScreen.storyboard */,
				4912A5542253095F0060D1BE /* Info.plist */,
				4912A576225309F50060D1BE /* Model.swift */,
				4912A57822530AE20060D1BE /* Presenter.swift */,
				4912A57A225337110060D1BE /* Observable.swift */,
			);
			path = MVPpoc;
			sourceTree = "<group>";
		};
		4912A55C2253095F0060D1BE /* MVPpocTests */ = {
			isa = PBXGroup;
			children = (
				4912A55D2253095F0060D1BE /* MVPpocTests.swift */,
				4912A55F2253095F0060D1BE /* Info.plist */,
			);
			path = MVPpocTests;
			sourceTree = "<group>";
		};
		4912A5672253095F0060D1BE /* MVPpocUITests */ = {
			isa = PBXGroup;
			children = (
				4912A5682253095F0060D1BE /* MVPpocUITests.swift */,
				4912A56A2253095F0060D1BE /* Info.plist */,
			);
			path = MVPpocUITests;
			sourceTree = "<group>";
		};
/* End PBXGroup section */

/* Begin PBXNativeTarget section */
		4912A5422253095E0060D1BE /* MVPpoc */ = {
			isa = PBXNativeTarget;
			buildConfigurationList = 4912A56D2253095F0060D1BE /* Build configuration list for PBXNativeTarget "MVPpoc" */;
			buildPhases = (
				4912A53F2253095E0060D1BE /* Sources */,
				4912A5402253095E0060D1BE /* Frameworks */,
				4912A5412253095E0060D1BE /* Resources */,
			);
			buildRules = (
			);
			dependencies = (
			);
			name = MVPpoc;
			productName = MVPpoc;
			productReference = 4912A5432253095E0060D1BE /* MVPpoc.app */;
			productType = "com.apple.product-type.application";
		};
		4912A5582253095F0060D1BE /* MVPpocTests */ = {
			isa = PBXNativeTarget;
			buildConfigurationList = 4912A5702253095F0060D1BE /* Build configuration list for PBXNativeTarget "MVPpocTests" */;
			buildPhases = (
				4912A5552253095F0060D1BE /* Sources */,
				4912A5562253095F0060D1BE /* Frameworks */,
				4912A5572253095F0060D1BE /* Resources */,
			);
			buildRules = (
			);
			dependencies = (
				4912A55B2253095F0060D1BE /* PBXTargetDependency */,
			);
			name = MVPpocTests;
			productName = MVPpocTests;
			productReference = 4912A5592253095F0060D1BE /* MVPpocTests.xctest */;
			productType = "com.apple.product-type.bundle.unit-test";
		};
		4912A5632253095F0060D1BE /* MVPpocUITests */ = {
			isa = PBXNativeTarget;
			buildConfigurationList = 4912A5732253095F0060D1BE /* Build configuration list for PBXNativeTarget "MVPpocUITests" */;
			buildPhases = (
				4912A5602253095F0060D1BE /* Sources */,
				4912A5612253095F0060D1BE /* Frameworks */,
				4912A5622253095F0060D1BE /* Resources */,
			);
			buildRules = (
			);
			dependencies = (
				4912A5662253095F0060D1BE /* PBXTargetDependency */,
			);
			name = MVPpocUITests;
			productName = MVPpocUITests;
			productReference = 4912A5642253095F0060D1BE /* MVPpocUITests.xctest */;
			productType = "com.apple.product-type.bundle.ui-testing";
		};
/* End PBXNativeTarget section */

/* Begin PBXProject section */
		4912A53B2253095E0060D1BE /* Project object */ = {
			isa = PBXProject;
			attributes = {
				LastSwiftUpdateCheck = 1020;
				LastUpgradeCheck = 1020;
				ORGANIZATIONNAME = "Mahalingam, Balachander";
				TargetAttributes = {
					4912A5422253095E0060D1BE = {
						CreatedOnToolsVersion = 10.2;
					};
					4912A5582253095F0060D1BE = {
						CreatedOnToolsVersion = 10.2;
						TestTargetID = 4912A5422253095E0060D1BE;
					};
					4912A5632253095F0060D1BE = {
						CreatedOnToolsVersion = 10.2;
						TestTargetID = 4912A5422253095E0060D1BE;
					};
				};
			};
			buildConfigurationList = 4912A53E2253095E0060D1BE /* Build configuration list for PBXProject "MVPpoc" */;
			compatibilityVersion = "Xcode 9.3";
			developmentRegion = en;
			hasScannedForEncodings = 0;
			knownRegions = (
				en,
				Base,
			);
			mainGroup = 4912A53A2253095E0060D1BE;
			productRefGroup = 4912A5442253095E0060D1BE /* Products */;
			projectDirPath = "";
			projectRoot = "";
			targets = (
				4912A5422253095E0060D1BE /* MVPpoc */,
				4912A5582253095F0060D1BE /* MVPpocTests */,
				4912A5632253095F0060D1BE /* MVPpocUITests */,
			);
		};
/* End PBXProject section */

/* Begin PBXResourcesBuildPhase section */
		4912A5412253095E0060D1BE /* Resources */ = {
			isa = PBXResourcesBuildPhase;
			buildActionMask = 2147483647;
			files = (
				4912A5532253095F0060D1BE /* LaunchScreen.storyboard in Resources */,
				4912A5502253095F0060D1BE /* Assets.xcassets in Resources */,
				4912A54E2253095E0060D1BE /* Main.storyboard in Resources */,
			);
			runOnlyForDeploymentPostprocessing = 0;
		};
		4912A5572253095F0060D1BE /* Resources */ = {
			isa = PBXResourcesBuildPhase;
			buildActionMask = 2147483647;
			files = (
			);
			runOnlyForDeploymentPostprocessing = 0;
		};
		4912A5622253095F0060D1BE /* Resources */ = {
			isa = PBXResourcesBuildPhase;
			buildActionMask = 2147483647;
			files = (
			);
			runOnlyForDeploymentPostprocessing = 0;
		};
/* End PBXResourcesBuildPhase section */

/* Begin PBXSourcesBuildPhase section */
		4912A53F2253095E0060D1BE /* Sources */ = {
			isa = PBXSourcesBuildPhase;
			buildActionMask = 2147483647;
			files = (
				4912A54B2253095E0060D1BE /* DetailViewController.swift in Sources */,
				4912A5492253095E0060D1BE /* MasterViewController.swift in Sources */,
				4912A5472253095E0060D1BE /* AppDelegate.swift in Sources */,
				4912A577225309F50060D1BE /* Model.swift in Sources */,
				4912A57B225337110060D1BE /* Observable.swift in Sources */,
				4912A57922530AE20060D1BE /* Presenter.swift in Sources */,
			);
			runOnlyForDeploymentPostprocessing = 0;
		};
		4912A5552253095F0060D1BE /* Sources */ = {
			isa = PBXSourcesBuildPhase;
			buildActionMask = 2147483647;
			files = (
				4912A55E2253095F0060D1BE /* MVPpocTests.swift in Sources */,
			);
			runOnlyForDeploymentPostprocessing = 0;
		};
		4912A5602253095F0060D1BE /* Sources */ = {
			isa = PBXSourcesBuildPhase;
			buildActionMask = 2147483647;
			files = (
				4912A5692253095F0060D1BE /* MVPpocUITests.swift in Sources */,
			);
			runOnlyForDeploymentPostprocessing = 0;
		};
/* End PBXSourcesBuildPhase section */

/* Begin PBXTargetDependency section */
		4912A55B2253095F0060D1BE /* PBXTargetDependency */ = {
			isa = PBXTargetDependency;
			target = 4912A5422253095E0060D1BE /* MVPpoc */;
			targetProxy = 4912A55A2253095F0060D1BE /* PBXContainerItemProxy */;
		};
		4912A5662253095F0060D1BE /* PBXTargetDependency */ = {
			isa = PBXTargetDependency;
			target = 4912A5422253095E0060D1BE /* MVPpoc */;
			targetProxy = 4912A5652253095F0060D1BE /* PBXContainerItemProxy */;
		};
/* End PBXTargetDependency section */

/* Begin PBXVariantGroup section */
		4912A54C2253095E0060D1BE /* Main.storyboard */ = {
			isa = PBXVariantGroup;
			children = (
				4912A54D2253095E0060D1BE /* Base */,
			);
			name = Main.storyboard;
			sourceTree = "<group>";
		};
		4912A5512253095F0060D1BE /* LaunchScreen.storyboard */ = {
			isa = PBXVariantGroup;
			children = (
				4912A5522253095F0060D1BE /* Base */,
			);
			name = LaunchScreen.storyboard;
			sourceTree = "<group>";
		};
/* End PBXVariantGroup section */

/* Begin XCBuildConfiguration section */
		4912A56B2253095F0060D1BE /* Debug */ = {
			isa = XCBuildConfiguration;
			buildSettings = {
				ALWAYS_SEARCH_USER_PATHS = NO;
				CLANG_ANALYZER_NONNULL = YES;
				CLANG_ANALYZER_NUMBER_OBJECT_CONVERSION = YES_AGGRESSIVE;
				CLANG_CXX_LANGUAGE_STANDARD = "gnu++14";
				CLANG_CXX_LIBRARY = "libc++";
				CLANG_ENABLE_MODULES = YES;
				CLANG_ENABLE_OBJC_ARC = YES;
				CLANG_ENABLE_OBJC_WEAK = YES;
				CLANG_WARN_BLOCK_CAPTURE_AUTORELEASING = YES;
				CLANG_WARN_BOOL_CONVERSION = YES;
				CLANG_WARN_COMMA = YES;
				CLANG_WARN_CONSTANT_CONVERSION = YES;
				CLANG_WARN_DEPRECATED_OBJC_IMPLEMENTATIONS = YES;
				CLANG_WARN_DIRECT_OBJC_ISA_USAGE = YES_ERROR;
				CLANG_WARN_DOCUMENTATION_COMMENTS = YES;
				CLANG_WARN_EMPTY_BODY = YES;
				CLANG_WARN_ENUM_CONVERSION = YES;
				CLANG_WARN_INFINITE_RECURSION = YES;
				CLANG_WARN_INT_CONVERSION = YES;
				CLANG_WARN_NON_LITERAL_NULL_CONVERSION = YES;
				CLANG_WARN_OBJC_IMPLICIT_RETAIN_SELF = YES;
				CLANG_WARN_OBJC_LITERAL_CONVERSION = YES;
				CLANG_WARN_OBJC_ROOT_CLASS = YES_ERROR;
				CLANG_WARN_RANGE_LOOP_ANALYSIS = YES;
				CLANG_WARN_STRICT_PROTOTYPES = YES;
				CLANG_WARN_SUSPICIOUS_MOVE = YES;
				CLANG_WARN_UNGUARDED_AVAILABILITY = YES_AGGRESSIVE;
				CLANG_WARN_UNREACHABLE_CODE = YES;
				CLANG_WARN__DUPLICATE_METHOD_MATCH = YES;
				CODE_SIGN_IDENTITY = "iPhone Developer";
				COPY_PHASE_STRIP = NO;
				DEBUG_INFORMATION_FORMAT = dwarf;
				ENABLE_STRICT_OBJC_MSGSEND = YES;
				ENABLE_TESTABILITY = YES;
				GCC_C_LANGUAGE_STANDARD = gnu11;
				GCC_DYNAMIC_NO_PIC = NO;
				GCC_NO_COMMON_BLOCKS = YES;
				GCC_OPTIMIZATION_LEVEL = 0;
				GCC_PREPROCESSOR_DEFINITIONS = (
					"DEBUG=1",
					"$(inherited)",
				);
				GCC_WARN_64_TO_32_BIT_CONVERSION = YES;
				GCC_WARN_ABOUT_RETURN_TYPE = YES_ERROR;
				GCC_WARN_UNDECLARED_SELECTOR = YES;
				GCC_WARN_UNINITIALIZED_AUTOS = YES_AGGRESSIVE;
				GCC_WARN_UNUSED_FUNCTION = YES;
				GCC_WARN_UNUSED_VARIABLE = YES;
				IPHONEOS_DEPLOYMENT_TARGET = 12.2;
				MTL_ENABLE_DEBUG_INFO = INCLUDE_SOURCE;
				MTL_FAST_MATH = YES;
				ONLY_ACTIVE_ARCH = YES;
				SDKROOT = iphoneos;
				SWIFT_ACTIVE_COMPILATION_CONDITIONS = DEBUG;
				SWIFT_OPTIMIZATION_LEVEL = "-Onone";
			};
			name = Debug;
		};
		4912A56C2253095F0060D1BE /* Release */ = {
			isa = XCBuildConfiguration;
			buildSettings = {
				ALWAYS_SEARCH_USER_PATHS = NO;
				CLANG_ANALYZER_NONNULL = YES;
				CLANG_ANALYZER_NUMBER_OBJECT_CONVERSION = YES_AGGRESSIVE;
				CLANG_CXX_LANGUAGE_STANDARD = "gnu++14";
				CLANG_CXX_LIBRARY = "libc++";
				CLANG_ENABLE_MODULES = YES;
				CLANG_ENABLE_OBJC_ARC = YES;
				CLANG_ENABLE_OBJC_WEAK = YES;
				CLANG_WARN_BLOCK_CAPTURE_AUTORELEASING = YES;
				CLANG_WARN_BOOL_CONVERSION = YES;
				CLANG_WARN_COMMA = YES;
				CLANG_WARN_CONSTANT_CONVERSION = YES;
				CLANG_WARN_DEPRECATED_OBJC_IMPLEMENTATIONS = YES;
				CLANG_WARN_DIRECT_OBJC_ISA_USAGE = YES_ERROR;
				CLANG_WARN_DOCUMENTATION_COMMENTS = YES;
				CLANG_WARN_EMPTY_BODY = YES;
				CLANG_WARN_ENUM_CONVERSION = YES;
				CLANG_WARN_INFINITE_RECURSION = YES;
				CLANG_WARN_INT_CONVERSION = YES;
				CLANG_WARN_NON_LITERAL_NULL_CONVERSION = YES;
				CLANG_WARN_OBJC_IMPLICIT_RETAIN_SELF = YES;
				CLANG_WARN_OBJC_LITERAL_CONVERSION = YES;
				CLANG_WARN_OBJC_ROOT_CLASS = YES_ERROR;
				CLANG_WARN_RANGE_LOOP_ANALYSIS = YES;
				CLANG_WARN_STRICT_PROTOTYPES = YES;
				CLANG_WARN_SUSPICIOUS_MOVE = YES;
				CLANG_WARN_UNGUARDED_AVAILABILITY = YES_AGGRESSIVE;
				CLANG_WARN_UNREACHABLE_CODE = YES;
				CLANG_WARN__DUPLICATE_METHOD_MATCH = YES;
				CODE_SIGN_IDENTITY = "iPhone Developer";
				COPY_PHASE_STRIP = NO;
				DEBUG_INFORMATION_FORMAT = "dwarf-with-dsym";
				ENABLE_NS_ASSERTIONS = NO;
				ENABLE_STRICT_OBJC_MSGSEND = YES;
				GCC_C_LANGUAGE_STANDARD = gnu11;
				GCC_NO_COMMON_BLOCKS = YES;
				GCC_WARN_64_TO_32_BIT_CONVERSION = YES;
				GCC_WARN_ABOUT_RETURN_TYPE = YES_ERROR;
				GCC_WARN_UNDECLARED_SELECTOR = YES;
				GCC_WARN_UNINITIALIZED_AUTOS = YES_AGGRESSIVE;
				GCC_WARN_UNUSED_FUNCTION = YES;
				GCC_WARN_UNUSED_VARIABLE = YES;
				IPHONEOS_DEPLOYMENT_TARGET = 12.2;
				MTL_ENABLE_DEBUG_INFO = NO;
				MTL_FAST_MATH = YES;
				SDKROOT = iphoneos;
				SWIFT_COMPILATION_MODE = wholemodule;
				SWIFT_OPTIMIZATION_LEVEL = "-O";
				VALIDATE_PRODUCT = YES;
			};
			name = Release;
		};
		4912A56E2253095F0060D1BE /* Debug */ = {
			isa = XCBuildConfiguration;
			buildSettings = {
				ASSETCATALOG_COMPILER_APPICON_NAME = AppIcon;
				CODE_SIGN_STYLE = Automatic;
				INFOPLIST_FILE = MVPpoc/Info.plist;
				LD_RUNPATH_SEARCH_PATHS = (
					"$(inherited)",
					"@executable_path/Frameworks",
				);
				PRODUCT_BUNDLE_IDENTIFIER = com.yourcompany.MVPpoc;
				PRODUCT_NAME = "$(TARGET_NAME)";
				SWIFT_VERSION = 5.0;
				TARGETED_DEVICE_FAMILY = "1,2";
			};
			name = Debug;
		};
		4912A56F2253095F0060D1BE /* Release */ = {
			isa = XCBuildConfiguration;
			buildSettings = {
				ASSETCATALOG_COMPILER_APPICON_NAME = AppIcon;
				CODE_SIGN_STYLE = Automatic;
				INFOPLIST_FILE = MVPpoc/Info.plist;
				LD_RUNPATH_SEARCH_PATHS = (
					"$(inherited)",
					"@executable_path/Frameworks",
				);
				PRODUCT_BUNDLE_IDENTIFIER = com.yourcompany.MVPpoc;
				PRODUCT_NAME = "$(TARGET_NAME)";
				SWIFT_VERSION = 5.0;
				TARGETED_DEVICE_FAMILY = "1,2";
			};
			name = Release;
		};
		4912A5712253095F0060D1BE /* Debug */ = {
			isa = XCBuildConfiguration;
			buildSettings = {
				ALWAYS_EMBED_SWIFT_STANDARD_LIBRARIES = YES;
				BUNDLE_LOADER = "$(TEST_HOST)";
				CODE_SIGN_STYLE = Automatic;
				INFOPLIST_FILE = MVPpocTests/Info.plist;
				LD_RUNPATH_SEARCH_PATHS = (
					"$(inherited)",
					"@executable_path/Frameworks",
					"@loader_path/Frameworks",
				);
				PRODUCT_BUNDLE_IDENTIFIER = com.yourcompany.MVPpocTests;
				PRODUCT_NAME = "$(TARGET_NAME)";
				SWIFT_VERSION = 5.0;
				TARGETED_DEVICE_FAMILY = "1,2";
				TEST_HOST = "$(BUILT_PRODUCTS_DIR)/MVPpoc.app/MVPpoc";
			};
			name = Debug;
		};
		4912A5722253095F0060D1BE /* Release */ = {
			isa = XCBuildConfiguration;
			buildSettings = {
				ALWAYS_EMBED_SWIFT_STANDARD_LIBRARIES = YES;
				BUNDLE_LOADER = "$(TEST_HOST)";
				CODE_SIGN_STYLE = Automatic;
				INFOPLIST_FILE = MVPpocTests/Info.plist;
				LD_RUNPATH_SEARCH_PATHS = (
					"$(inherited)",
					"@executable_path/Frameworks",
					"@loader_path/Frameworks",
				);
				PRODUCT_BUNDLE_IDENTIFIER = com.yourcompany.MVPpocTests;
				PRODUCT_NAME = "$(TARGET_NAME)";
				SWIFT_VERSION = 5.0;
				TARGETED_DEVICE_FAMILY = "1,2";
				TEST_HOST = "$(BUILT_PRODUCTS_DIR)/MVPpoc.app/MVPpoc";
			};
			name = Release;
		};
		4912A5742253095F0060D1BE /* Debug */ = {
			isa = XCBuildConfiguration;
			buildSettings = {
				ALWAYS_EMBED_SWIFT_STANDARD_LIBRARIES = YES;
				CODE_SIGN_STYLE = Automatic;
				INFOPLIST_FILE = MVPpocUITests/Info.plist;
				LD_RUNPATH_SEARCH_PATHS = (
					"$(inherited)",
					"@executable_path/Frameworks",
					"@loader_path/Frameworks",
				);
				PRODUCT_BUNDLE_IDENTIFIER = com.yourcompany.MVPpocUITests;
				PRODUCT_NAME = "$(TARGET_NAME)";
				SWIFT_VERSION = 5.0;
				TARGETED_DEVICE_FAMILY = "1,2";
				TEST_TARGET_NAME = MVPpoc;
			};
			name = Debug;
		};
		4912A5752253095F0060D1BE /* Release */ = {
			isa = XCBuildConfiguration;
			buildSettings = {
				ALWAYS_EMBED_SWIFT_STANDARD_LIBRARIES = YES;
				CODE_SIGN_STYLE = Automatic;
				INFOPLIST_FILE = MVPpocUITests/Info.plist;
				LD_RUNPATH_SEARCH_PATHS = (
					"$(inherited)",
					"@executable_path/Frameworks",
					"@loader_path/Frameworks",
				);
				PRODUCT_BUNDLE_IDENTIFIER = com.yourcompany.MVPpocUITests;
				PRODUCT_NAME = "$(TARGET_NAME)";
				SWIFT_VERSION = 5.0;
				TARGETED_DEVICE_FAMILY = "1,2";
				TEST_TARGET_NAME = MVPpoc;
			};
			name = Release;
		};
/* End XCBuildConfiguration section */

/* Begin XCConfigurationList section */
		4912A53E2253095E0060D1BE /* Build configuration list for PBXProject "MVPpoc" */ = {
			isa = XCConfigurationList;
			buildConfigurations = (
				4912A56B2253095F0060D1BE /* Debug */,
				4912A56C2253095F0060D1BE /* Release */,
			);
			defaultConfigurationIsVisible = 0;
			defaultConfigurationName = Release;
		};
		4912A56D2253095F0060D1BE /* Build configuration list for PBXNativeTarget "MVPpoc" */ = {
			isa = XCConfigurationList;
			buildConfigurations = (
				4912A56E2253095F0060D1BE /* Debug */,
				4912A56F2253095F0060D1BE /* Release */,
			);
			defaultConfigurationIsVisible = 0;
			defaultConfigurationName = Release;
		};
		4912A5702253095F0060D1BE /* Build configuration list for PBXNativeTarget "MVPpocTests" */ = {
			isa = XCConfigurationList;
			buildConfigurations = (
				4912A5712253095F0060D1BE /* Debug */,
				4912A5722253095F0060D1BE /* Release */,
			);
			defaultConfigurationIsVisible = 0;
			defaultConfigurationName = Release;
		};
		4912A5732253095F0060D1BE /* Build configuration list for PBXNativeTarget "MVPpocUITests" */ = {
			isa = XCConfigurationList;
			buildConfigurations = (
				4912A5742253095F0060D1BE /* Debug */,
				4912A5752253095F0060D1BE /* Release */,
			);
			defaultConfigurationIsVisible = 0;
			defaultConfigurationName = Release;
		};
/* End XCConfigurationList section */
	};
	rootObject = 4912A53B2253095E0060D1BE /* Project object */;
}
